
Microsoft Visual Studio Solution File, Format Version 12.00
# Visual Studio 15
VisualStudioVersion = 15.0.27130.2020
MinimumVisualStudioVersion = 10.0.40219.1
Project("{FAE04EC0-301F-11D3-BF4B-00C04F79EFBC}") = "u1_01_Nolan", "u1_01_Nolan\u1_01_Nolan.csproj", "{BE605DDC-C21F-4470-9C9C-67118914ABAA}"
EndProject
Global
	GlobalSection(SolutionConfigurationPlatforms) = preSolution
		Debug|Any CPU = Debug|Any CPU
		Release|Any CPU = Release|Any CPU
	EndGlobalSection
	GlobalSection(ProjectConfigurationPlatforms) = postSolution
		{BE605DDC-C21F-4470-9C9C-67118914ABAA}.Debug|Any CPU.ActiveCfg = Debug|Any CPU
		{BE605DDC-C21F-4470-9C9C-67118914ABAA}.Debug|Any CPU.Build.0 = Debug|Any CPU
		{BE605DDC-C21F-4470-9C9C-67118914ABAA}.Release|Any CPU.ActiveCfg = Release|Any CPU
		{BE605DDC-C21F-4470-9C9C-67118914ABAA}.Release|Any CPU.Build.0 = Release|Any CPU
	EndGlobalSection
	GlobalSection(SolutionProperties) = preSolution
		HideSolutionNode = FALSE
	EndGlobalSection
	GlobalSection(ExtensibilityGlobals) = postSolution
		SolutionGuid = {9ABF0D05-D8AF-489D-BD4F-0A828FC891A2}
	EndGlobalSection
EndGlobal
